<?xml version="1.0" encoding="utf-8"?>
<Project ToolsVersion="4.0" xmlns="http://schemas.microsoft.com/developer/msbuild/2003">
  <ItemGroup>
    <Filter Include="Quelldateien">
      <UniqueIdentifier>{4FC737F1-C7A5-4376-A066-2A32D752A2FF}</UniqueIdentifier>
      <Extensions>cpp;c;cc;cxx;def;odl;idl;hpj;bat;asm;asmx</Extensions>
    </Filter>
    <Filter Include="Headerdateien">
      <UniqueIdentifier>{93995380-89BD-4b04-88EB-625FBE52EBFB}</UniqueIdentifier>
      <Extensions>h;hh;hpp;hxx;hm;inl;inc;xsd</Extensions>
    </Filter>
    <Filter Include="Ressourcendateien">
      <UniqueIdentifier>{67DA6AB6-F800-4c08-8B7A-83BB121AAD01}</UniqueIdentifier>
      <Extensions>rc;ico;cur;bmp;dlg;rc2;rct;bin;rgs;gif;jpg;jpeg;jpe;resx;tiff;tif;png;wav;mfcribbon-ms</Extensions>
    </Filter>
    <Filter Include="Headerdateien\StateManager">
      <UniqueIdentifier>{d6c7ffc0-c232-4f23-b145-c0f209294bc6}</UniqueIdentifier>
    </Filter>
    <Filter Include="Headerdateien\Menu">
      <UniqueIdentifier>{7b460e29-67df-495b-96ea-df591548fa37}</UniqueIdentifier>
    </Filter>
    <Filter Include="Quelldateien\Menu">
      <UniqueIdentifier>{c6682f75-480d-4b5b-8bea-be01f87fbb5d}</UniqueIdentifier>
    </Filter>
    <Filter Include="Headerdateien\GUI">
      <UniqueIdentifier>{7ff51e25-7f25-4d70-b36c-8b731dbb3ada}</UniqueIdentifier>
    </Filter>
    <Filter Include="Quelldateien\GUI">
      <UniqueIdentifier>{a53e43f0-ea80-4467-aff3-6877b98ece4c}</UniqueIdentifier>
    </Filter>
    <Filter Include="Headerdateien\Sound">
      <UniqueIdentifier>{8fb0422a-c29f-4dec-8bf1-d22f2dcb1af2}</UniqueIdentifier>
    </Filter>
    <Filter Include="Quelldateien\Sound">
      <UniqueIdentifier>{b7fa097a-25df-4f72-ab7d-1e81ab4d518a}</UniqueIdentifier>
    </Filter>
    <Filter Include="Headerdateien\Menu\Intro">
      <UniqueIdentifier>{b330f8e5-da4d-4eaa-8f36-2c2e6cc56e78}</UniqueIdentifier>
    </Filter>
    <Filter Include="Headerdateien\Menu\Settings">
      <UniqueIdentifier>{67ecc858-bedc-4557-b962-be243b4389f4}</UniqueIdentifier>
    </Filter>
    <Filter Include="Quelldateien\Menu\Intro">
      <UniqueIdentifier>{b772a7d4-0337-4d2f-ae3a-61948be8fffc}</UniqueIdentifier>
    </Filter>
    <Filter Include="Quelldateien\Menu\Settings">
      <UniqueIdentifier>{07fb43b7-78b5-4007-8543-b8155dc75acf}</UniqueIdentifier>
    </Filter>
    <Filter Include="Quelldateien\StateManager">
      <UniqueIdentifier>{fc07fb72-cb03-41c5-b005-d49f592ab4ce}</UniqueIdentifier>
    </Filter>
    <Filter Include="Quelldateien\Game">
      <UniqueIdentifier>{1f4d2f3a-5906-4a37-9e40-0f4e65194912}</UniqueIdentifier>
    </Filter>
    <Filter Include="Headerdateien\Game">
      <UniqueIdentifier>{b29e2b03-59b4-4346-b38e-7271db64c2fe}</UniqueIdentifier>
    </Filter>
    <Filter Include="Headerdateien\InputOutput">
      <UniqueIdentifier>{372c6589-7748-498b-8e1a-24891feb4e8d}</UniqueIdentifier>
    </Filter>
    <Filter Include="Quelldateien\InputOutput">
      <UniqueIdentifier>{9c81243f-6aa5-44b7-b9bf-c238fb10a72a}</UniqueIdentifier>
    </Filter>
    <Filter Include="Headerdateien\Game\Player">
      <UniqueIdentifier>{01f98942-2855-40d7-98c9-e6e8f193beb2}</UniqueIdentifier>
    </Filter>
    <Filter Include="Quelldateien\Game\Player">
      <UniqueIdentifier>{c7013047-0a8e-4eb9-82e3-52bb451f01b2}</UniqueIdentifier>
    </Filter>
    <Filter Include="Quelldateien\Game\Buffs">
      <UniqueIdentifier>{30ee75f6-a6ce-4356-9b7d-d2d7726b0bfa}</UniqueIdentifier>
    </Filter>
    <Filter Include="Headerdateien\Game\Buffs">
      <UniqueIdentifier>{7d077bee-aaeb-416f-abaf-646915e1c0d0}</UniqueIdentifier>
    </Filter>
    <Filter Include="Headerdateien\Game\Collision">
      <UniqueIdentifier>{c9d158c4-dcb5-43e3-97da-aaa31e23b1b4}</UniqueIdentifier>
    </Filter>
    <Filter Include="Headerdateien\Game\Enemies">
      <UniqueIdentifier>{1e628e6d-bd6f-4bcf-9a35-3dc21793ecd7}</UniqueIdentifier>
    </Filter>
    <Filter Include="Quelldateien\Game\Enemies">
      <UniqueIdentifier>{48a2192d-fdce-4aa8-9e63-19a080caa82c}</UniqueIdentifier>
    </Filter>
    <Filter Include="Headerdateien\Game\GameManager">
      <UniqueIdentifier>{944c4d45-85cf-4c99-a422-a52a7beb1710}</UniqueIdentifier>
    </Filter>
    <Filter Include="Quelldateien\Game\GameManager">
      <UniqueIdentifier>{c514eb5d-2eca-4ce6-8c1d-4f29604bb541}</UniqueIdentifier>
    </Filter>
    <Filter Include="Headerdateien\Game\Highscore">
      <UniqueIdentifier>{5571b024-ecd6-4d72-9b27-b911922f336e}</UniqueIdentifier>
    </Filter>
    <Filter Include="Quelldateien\Game\Highscore">
      <UniqueIdentifier>{da43b3de-3e12-46f7-a9e3-abbdcf6e7984}</UniqueIdentifier>
    </Filter>
    <Filter Include="Headerdateien\Game\Weapons">
      <UniqueIdentifier>{79fb45f6-0f1b-4b17-91f5-d0fdae191bdd}</UniqueIdentifier>
    </Filter>
    <Filter Include="Quelldateien\Game\Weapons">
      <UniqueIdentifier>{d9de14b0-410c-4fc6-b395-42e895e9f8da}</UniqueIdentifier>
    </Filter>
  </ItemGroup>
  <ItemGroup>
    <ClCompile Include="Menu.cpp">
      <Filter>Quelldateien\Menu</Filter>
    </ClCompile>
    <ClCompile Include="GUI.cpp">
      <Filter>Quelldateien\GUI</Filter>
    </ClCompile>
    <ClCompile Include="MenuSfx.cpp">
      <Filter>Quelldateien\Sound</Filter>
    </ClCompile>
    <ClCompile Include="Intro.cpp">
      <Filter>Quelldateien\Menu\Intro</Filter>
    </ClCompile>
    <ClCompile Include="Settings.cpp">
      <Filter>Quelldateien\Menu\Settings</Filter>
    </ClCompile>
    <ClCompile Include="main.cpp">
      <Filter>Quelldateien\StateManager</Filter>
    </ClCompile>
    <ClCompile Include="IngameSfx.cpp">
      <Filter>Quelldateien\Sound</Filter>
    </ClCompile>
    <ClCompile Include="Game.cpp">
      <Filter>Quelldateien\Game</Filter>
    </ClCompile>
    <ClCompile Include="Player.cpp">
      <Filter>Quelldateien\Game\Player</Filter>
    </ClCompile>
    <ClCompile Include="HealthDrop.cpp">
      <Filter>Quelldateien\Game\Buffs</Filter>
    </ClCompile>
    <ClCompile Include="UnlockPew.cpp">
      <Filter>Quelldateien\Game\Buffs</Filter>
    </ClCompile>
    <ClCompile Include="Boss1.cpp">
      <Filter>Quelldateien\Game\Enemies</Filter>
    </ClCompile>
    <ClCompile Include="Boss1Weapon.cpp">
      <Filter>Quelldateien\Game\Enemies</Filter>
    </ClCompile>
    <ClCompile Include="Enemy.cpp">
      <Filter>Quelldateien\Game\Enemies</Filter>
    </ClCompile>
    <ClCompile Include="Shitbullets.cpp">
      <Filter>Quelldateien\Game\Enemies</Filter>
    </ClCompile>
    <ClCompile Include="ShitMonkey.cpp">
      <Filter>Quelldateien\Game\Enemies</Filter>
    </ClCompile>
    <ClCompile Include="RenderManager.cpp">
      <Filter>Quelldateien\Game\GameManager</Filter>
    </ClCompile>
    <ClCompile Include="UpdateManager.cpp">
      <Filter>Quelldateien\Game\GameManager</Filter>
    </ClCompile>
    <ClCompile Include="Highscore.cpp">
      <Filter>Quelldateien\Game\Highscore</Filter>
    </ClCompile>
    <ClCompile Include="HighscoreManager.cpp">
      <Filter>Quelldateien\Game\Highscore</Filter>
    </ClCompile>
    <ClCompile Include="Bullet.cpp">
      <Filter>Quelldateien\Game\Weapons</Filter>
    </ClCompile>
    <ClCompile Include="DoubleShot.cpp">
      <Filter>Quelldateien\Game\Weapons</Filter>
    </ClCompile>
    <ClCompile Include="Pew.cpp">
      <Filter>Quelldateien\Game\Weapons</Filter>
    </ClCompile>
    <ClCompile Include="WeaponManager.cpp">
      <Filter>Quelldateien\Game\Weapons</Filter>
    </ClCompile>
    <ClCompile Include="Cow.cpp">
      <Filter>Quelldateien\Game\Enemies</Filter>
    </ClCompile>
    <ClCompile Include="Boss2.cpp">
      <Filter>Quelldateien\Game\Enemies</Filter>
    </ClCompile>
    <ClCompile Include="Boss2Weapon.cpp">
      <Filter>Quelldateien\Game\Enemies</Filter>
    </ClCompile>
    <ClCompile Include="SoundSet.cpp">
      <Filter>Quelldateien\Menu\Settings</Filter>
    </ClCompile>
    <ClCompile Include="Boss3.cpp">
      <Filter>Quelldateien\Game\Enemies</Filter>
    </ClCompile>
    <ClCompile Include="DiffSet.cpp">
      <Filter>Quelldateien\Menu\Settings</Filter>
    </ClCompile>
    <ClCompile Include="GraphicSet.cpp">
      <Filter>Quelldateien\Menu\Settings</Filter>
    </ClCompile>
    <ClCompile Include="EnemyFormation.cpp">
      <Filter>Quelldateien\Game\Enemies</Filter>
    </ClCompile>
    <ClCompile Include="Player2.cpp">
      <Filter>Quelldateien\Game\Player</Filter>
    </ClCompile>
    <ClCompile Include="CoopSet.cpp">
      <Filter>Quelldateien\Menu\Settings</Filter>
    </ClCompile>
    <ClCompile Include="IOstuff.cpp">
      <Filter>Quelldateien\InputOutput</Filter>
    </ClCompile>
    <ClCompile Include="Music.cpp">
      <Filter>Quelldateien\Sound</Filter>
    </ClCompile>
    <ClCompile Include="Boss3firstWeapon.cpp">
      <Filter>Quelldateien\Game\Enemies</Filter>
    </ClCompile>
    <ClCompile Include="Boss3SecWeapon.cpp">
      <Filter>Quelldateien\Game\Enemies</Filter>
    </ClCompile>
  </ItemGroup>
  <ItemGroup>
    <ClInclude Include="StateManager.h">
      <Filter>Headerdateien\StateManager</Filter>
    </ClInclude>
    <ClInclude Include="WindowStates.h">
      <Filter>Headerdateien\StateManager</Filter>
    </ClInclude>
    <ClInclude Include="Menu.h">
      <Filter>Headerdateien\Menu</Filter>
    </ClInclude>
    <ClInclude Include="GUI.h">
      <Filter>Headerdateien\GUI</Filter>
    </ClInclude>
    <ClInclude Include="MenuSfx.h">
      <Filter>Headerdateien\Sound</Filter>
    </ClInclude>
    <ClInclude Include="Intro.h">
      <Filter>Headerdateien\Menu\Intro</Filter>
    </ClInclude>
    <ClInclude Include="Settings.h">
      <Filter>Headerdateien\Menu\Settings</Filter>
    </ClInclude>
    <ClInclude Include="IngameSfx.h">
      <Filter>Headerdateien\Sound</Filter>
    </ClInclude>
    <ClInclude Include="Game.h">
      <Filter>Headerdateien\Game</Filter>
    </ClInclude>
    <ClInclude Include="Player.h">
      <Filter>Headerdateien\Game\Player</Filter>
    </ClInclude>
    <ClInclude Include="HealthDrop.h">
      <Filter>Headerdateien\Game\Buffs</Filter>
    </ClInclude>
    <ClInclude Include="UnlockPew.h">
      <Filter>Headerdateien\Game\Buffs</Filter>
    </ClInclude>
    <ClInclude Include="Collision.h">
      <Filter>Headerdateien\Game\Collision</Filter>
    </ClInclude>
    <ClInclude Include="Boss1.h">
      <Filter>Headerdateien\Game\Enemies</Filter>
    </ClInclude>
    <ClInclude Include="Boss1Weapon.h">
      <Filter>Headerdateien\Game\Enemies</Filter>
    </ClInclude>
    <ClInclude Include="Enemy.h">
      <Filter>Headerdateien\Game\Enemies</Filter>
    </ClInclude>
    <ClInclude Include="ShitBullets.h">
      <Filter>Headerdateien\Game\Enemies</Filter>
    </ClInclude>
    <ClInclude Include="SpaceMonkey.h">
      <Filter>Headerdateien\Game\Enemies</Filter>
    </ClInclude>
    <ClInclude Include="RenderManager.h">
      <Filter>Headerdateien\Game\GameManager</Filter>
    </ClInclude>
    <ClInclude Include="BasicStuff.h">
      <Filter>Headerdateien\Game\GameManager</Filter>
    </ClInclude>
    <ClInclude Include="Entity.h">
      <Filter>Headerdateien\Game\GameManager</Filter>
    </ClInclude>
    <ClInclude Include="UpdateManager.h">
      <Filter>Headerdateien\Game\GameManager</Filter>
    </ClInclude>
    <ClInclude Include="Highscore.h">
      <Filter>Headerdateien\Game\Highscore</Filter>
    </ClInclude>
    <ClInclude Include="HighscoreManager.h">
      <Filter>Headerdateien\Game\Highscore</Filter>
    </ClInclude>
    <ClInclude Include="Bullet.h">
      <Filter>Headerdateien\Game\Weapons</Filter>
    </ClInclude>
    <ClInclude Include="DoubleShot.h">
      <Filter>Headerdateien\Game\Weapons</Filter>
    </ClInclude>
    <ClInclude Include="Pew.h">
      <Filter>Headerdateien\Game\Weapons</Filter>
    </ClInclude>
    <ClInclude Include="WeaponManager.h">
      <Filter>Headerdateien\Game\Weapons</Filter>
    </ClInclude>
    <ClInclude Include="SoundSet.h">
      <Filter>Headerdateien\Menu\Settings</Filter>
    </ClInclude>
    <ClInclude Include="Cow.h">
      <Filter>Headerdateien\Game\Enemies</Filter>
    </ClInclude>
    <ClInclude Include="Boss2.h">
      <Filter>Headerdateien\Game\Enemies</Filter>
    </ClInclude>
    <ClInclude Include="Boss2Weapon.h">
      <Filter>Headerdateien\Game\Enemies</Filter>
    </ClInclude>
    <ClInclude Include="Boss3.h">
      <Filter>Headerdateien\Game\Enemies</Filter>
    </ClInclude>
    <ClInclude Include="GraphicSet.h">
      <Filter>Headerdateien\Menu\Settings</Filter>
    </ClInclude>
    <ClInclude Include="DiffSet.h">
      <Filter>Headerdateien\Menu\Settings</Filter>
    </ClInclude>
    <ClInclude Include="EnemyFormation.h">
      <Filter>Headerdateien\Game\Enemies</Filter>
    </ClInclude>
    <ClInclude Include="Player2.h">
      <Filter>Headerdateien\Game\Player</Filter>
    </ClInclude>
    <ClInclude Include="CoopSet.h">
      <Filter>Headerdateien\Menu\Settings</Filter>
    </ClInclude>
    <ClInclude Include="IOstuff.h">
      <Filter>Headerdateien\InputOutput</Filter>
    </ClInclude>
    <ClInclude Include="Music.h">
      <Filter>Headerdateien\Sound</Filter>
    </ClInclude>
    <ClInclude Include="Boss3firstWeapon.h">
      <Filter>Headerdateien\Game\Enemies</Filter>
    </ClInclude>
    <ClInclude Include="Boss3SecWeapon.h">
      <Filter>Headerdateien\Game\Enemies</Filter>
    </ClInclude>
  </ItemGroup>
</Project>